
Microsoft Visual Studio Solution File, Format Version 12.00
# Visual Studio 15
VisualStudioVersion = 15.0.28307.1525
MinimumVisualStudioVersion = 10.0.40219.1
Project("{FAE04EC0-301F-11D3-BF4B-00C04F79EFBC}") = "crud_prac", "crud_prac\crud_prac.csproj", "{2C5ECDBC-99C1-454C-AF74-F8B14771AC49}"
EndProject
Global
	GlobalSection(SolutionConfigurationPlatforms) = preSolution
		Debug|Any CPU = Debug|Any CPU
		Release|Any CPU = Release|Any CPU
	EndGlobalSection
	GlobalSection(ProjectConfigurationPlatforms) = postSolution
		{2C5ECDBC-99C1-454C-AF74-F8B14771AC49}.Debug|Any CPU.ActiveCfg = Debug|Any CPU
		{2C5ECDBC-99C1-454C-AF74-F8B14771AC49}.Debug|Any CPU.Build.0 = Debug|Any CPU
		{2C5ECDBC-99C1-454C-AF74-F8B14771AC49}.Release|Any CPU.ActiveCfg = Release|Any CPU
		{2C5ECDBC-99C1-454C-AF74-F8B14771AC49}.Release|Any CPU.Build.0 = Release|Any CPU
	EndGlobalSection
	GlobalSection(SolutionProperties) = preSolution
		HideSolutionNode = FALSE
	EndGlobalSection
	GlobalSection(ExtensibilityGlobals) = postSolution
		SolutionGuid = {A3516FB9-9541-4CF5-B588-1C15B367AAE2}
	EndGlobalSection
EndGlobal
